
Microsoft Visual Studio Solution File, Format Version 12.00
# Visual Studio 15
VisualStudioVersion = 15.0.27703.2042
MinimumVisualStudioVersion = 10.0.40219.1
Project("{FAE04EC0-301F-11D3-BF4B-00C04F79EFBC}") = "App01_ConsultarCEP.Android", "App01_ConsultarCEP\App01_ConsultarCEP.Android\App01_ConsultarCEP.Android.csproj", "{B63532EA-8BB0-4264-8510-1C13CCDF59A7}"
EndProject
Project("{FAE04EC0-301F-11D3-BF4B-00C04F79EFBC}") = "App01_ConsultarCEP.iOS", "App01_ConsultarCEP\App01_ConsultarCEP.iOS\App01_ConsultarCEP.iOS.csproj", "{73AD928D-09C3-4368-9C94-5A40D3D2718A}"
EndProject
Project("{FAE04EC0-301F-11D3-BF4B-00C04F79EFBC}") = "App01_ConsultarCEP.UWP", "App01_ConsultarCEP\App01_ConsultarCEP.UWP\App01_ConsultarCEP.UWP.csproj", "{8F1B0255-BDBF-4A15-9C15-B6B0F5561ABB}"
EndProject
Project("{FAE04EC0-301F-11D3-BF4B-00C04F79EFBC}") = "App01_ConsultarCEP", "App01_ConsultarCEP\App01_ConsultarCEP\App01_ConsultarCEP.csproj", "{9BE00C6B-F956-4BF3-AAD8-215C19E6A66F}"
EndProject
Global
	GlobalSection(SolutionConfigurationPlatforms) = preSolution
		Ad-Hoc|Any CPU = Ad-Hoc|Any CPU
		Ad-Hoc|ARM = Ad-Hoc|ARM
		Ad-Hoc|iPhone = Ad-Hoc|iPhone
		Ad-Hoc|iPhoneSimulator = Ad-Hoc|iPhoneSimulator
		Ad-Hoc|x64 = Ad-Hoc|x64
		Ad-Hoc|x86 = Ad-Hoc|x86
		AppStore|Any CPU = AppStore|Any CPU
		AppStore|ARM = AppStore|ARM
		AppStore|iPhone = AppStore|iPhone
		AppStore|iPhoneSimulator = AppStore|iPhoneSimulator
		AppStore|x64 = AppStore|x64
		AppStore|x86 = AppStore|x86
		Debug|Any CPU = Debug|Any CPU
		Debug|ARM = Debug|ARM
		Debug|iPhone = Debug|iPhone
		Debug|iPhoneSimulator = Debug|iPhoneSimulator
		Debug|x64 = Debug|x64
		Debug|x86 = Debug|x86
		Release|Any CPU = Release|Any CPU
		Release|ARM = Release|ARM
		Release|iPhone = Release|iPhone
		Release|iPhoneSimulator = Release|iPhoneSimulator
		Release|x64 = Release|x64
		Release|x86 = Release|x86
	EndGlobalSection
	GlobalSection(ProjectConfigurationPlatforms) = postSolution
		{B63532EA-8BB0-4264-8510-1C13CCDF59A7}.Ad-Hoc|Any CPU.ActiveCfg = Release|Any CPU
		{B63532EA-8BB0-4264-8510-1C13CCDF59A7}.Ad-Hoc|Any CPU.Build.0 = Release|Any CPU
		{B63532EA-8BB0-4264-8510-1C13CCDF59A7}.Ad-Hoc|Any CPU.Deploy.0 = Release|Any CPU
		{B63532EA-8BB0-4264-8510-1C13CCDF59A7}.Ad-Hoc|ARM.ActiveCfg = Release|Any CPU
		{B63532EA-8BB0-4264-8510-1C13CCDF59A7}.Ad-Hoc|ARM.Build.0 = Release|Any CPU
		{B63532EA-8BB0-4264-8510-1C13CCDF59A7}.Ad-Hoc|ARM.Deploy.0 = Release|Any CPU
		{B63532EA-8BB0-4264-8510-1C13CCDF59A7}.Ad-Hoc|iPhone.ActiveCfg = Release|Any CPU
		{B63532EA-8BB0-4264-8510-1C13CCDF59A7}.Ad-Hoc|iPhone.Build.0 = Release|Any CPU
		{B63532EA-8BB0-4264-8510-1C13CCDF59A7}.Ad-Hoc|iPhone.Deploy.0 = Release|Any CPU
		{B63532EA-8BB0-4264-8510-1C13CCDF59A7}.Ad-Hoc|iPhoneSimulator.ActiveCfg = Release|Any CPU
		{B63532EA-8BB0-4264-8510-1C13CCDF59A7}.Ad-Hoc|iPhoneSimulator.Build.0 = Release|Any CPU
		{B63532EA-8BB0-4264-8510-1C13CCDF59A7}.Ad-Hoc|iPhoneSimulator.Deploy.0 = Release|Any CPU
		{B63532EA-8BB0-4264-8510-1C13CCDF59A7}.Ad-Hoc|x64.ActiveCfg = Release|Any CPU
		{B63532EA-8BB0-4264-8510-1C13CCDF59A7}.Ad-Hoc|x64.Build.0 = Release|Any CPU
		{B63532EA-8BB0-4264-8510-1C13CCDF59A7}.Ad-Hoc|x64.Deploy.0 = Release|Any CPU
		{B63532EA-8BB0-4264-8510-1C13CCDF59A7}.Ad-Hoc|x86.ActiveCfg = Release|Any CPU
		{B63532EA-8BB0-4264-8510-1C13CCDF59A7}.Ad-Hoc|x86.Build.0 = Release|Any CPU
		{B63532EA-8BB0-4264-8510-1C13CCDF59A7}.Ad-Hoc|x86.Deploy.0 = Release|Any CPU
		{B63532EA-8BB0-4264-8510-1C13CCDF59A7}.AppStore|Any CPU.ActiveCfg = Release|Any CPU
		{B63532EA-8BB0-4264-8510-1C13CCDF59A7}.AppStore|Any CPU.Build.0 = Release|Any CPU
		{B63532EA-8BB0-4264-8510-1C13CCDF59A7}.AppStore|Any CPU.Deploy.0 = Release|Any CPU
		{B63532EA-8BB0-4264-8510-1C13CCDF59A7}.AppStore|ARM.ActiveCfg = Release|Any CPU
		{B63532EA-8BB0-4264-8510-1C13CCDF59A7}.AppStore|ARM.Build.0 = Release|Any CPU
		{B63532EA-8BB0-4264-8510-1C13CCDF59A7}.AppStore|ARM.Deploy.0 = Release|Any CPU
		{B63532EA-8BB0-4264-8510-1C13CCDF59A7}.AppStore|iPhone.ActiveCfg = Release|Any CPU
		{B63532EA-8BB0-4264-8510-1C13CCDF59A7}.AppStore|iPhone.Build.0 = Release|Any CPU
		{B63532EA-8BB0-4264-8510-1C13CCDF59A7}.AppStore|iPhone.Deploy.0 = Release|Any CPU
		{B63532EA-8BB0-4264-8510-1C13CCDF59A7}.AppStore|iPhoneSimulator.ActiveCfg = Release|Any CPU
		{B63532EA-8BB0-4264-8510-1C13CCDF59A7}.AppStore|iPhoneSimulator.Build.0 = Release|Any CPU
		{B63532EA-8BB0-4264-8510-1C13CCDF59A7}.AppStore|iPhoneSimulator.Deploy.0 = Release|Any CPU
		{B63532EA-8BB0-4264-8510-1C13CCDF59A7}.AppStore|x64.ActiveCfg = Release|Any CPU
		{B63532EA-8BB0-4264-8510-1C13CCDF59A7}.AppStore|x64.Build.0 = Release|Any CPU
		{B63532EA-8BB0-4264-8510-1C13CCDF59A7}.AppStore|x64.Deploy.0 = Release|Any CPU
		{B63532EA-8BB0-4264-8510-1C13CCDF59A7}.AppStore|x86.ActiveCfg = Release|Any CPU
		{B63532EA-8BB0-4264-8510-1C13CCDF59A7}.AppStore|x86.Build.0 = Release|Any CPU
		{B63532EA-8BB0-4264-8510-1C13CCDF59A7}.AppStore|x86.Deploy.0 = Release|Any CPU
		{B63532EA-8BB0-4264-8510-1C13CCDF59A7}.Debug|Any CPU.ActiveCfg = Debug|Any CPU
		{B63532EA-8BB0-4264-8510-1C13CCDF59A7}.Debug|Any CPU.Build.0 = Debug|Any CPU
		{B63532EA-8BB0-4264-8510-1C13CCDF59A7}.Debug|Any CPU.Deploy.0 = Debug|Any CPU
		{B63532EA-8BB0-4264-8510-1C13CCDF59A7}.Debug|ARM.ActiveCfg = Debug|Any CPU
		{B63532EA-8BB0-4264-8510-1C13CCDF59A7}.Debug|ARM.Build.0 = Debug|Any CPU
		{B63532EA-8BB0-4264-8510-1C13CCDF59A7}.Debug|ARM.Deploy.0 = Debug|Any CPU
		{B63532EA-8BB0-4264-8510-1C13CCDF59A7}.Debug|iPhone.ActiveCfg = Debug|Any CPU
		{B63532EA-8BB0-4264-8510-1C13CCDF59A7}.Debug|iPhone.Build.0 = Debug|Any CPU
		{B63532EA-8BB0-4264-8510-1C13CCDF59A7}.Debug|iPhone.Deploy.0 = Debug|Any CPU
		{B63532EA-8BB0-4264-8510-1C13CCDF59A7}.Debug|iPhoneSimulator.ActiveCfg = Debug|Any CPU
		{B63532EA-8BB0-4264-8510-1C13CCDF59A7}.Debug|iPhoneSimulator.Build.0 = Debug|Any CPU
		{B63532EA-8BB0-4264-8510-1C13CCDF59A7}.Debug|iPhoneSimulator.Deploy.0 = Debug|Any CPU
		{B63532EA-8BB0-4264-8510-1C13CCDF59A7}.Debug|x64.ActiveCfg = Debug|Any CPU
		{B63532EA-8BB0-4264-8510-1C13CCDF59A7}.Debug|x64.Build.0 = Debug|Any CPU
		{B63532EA-8BB0-4264-8510-1C13CCDF59A7}.Debug|x64.Deploy.0 = Debug|Any CPU
		{B63532EA-8BB0-4264-8510-1C13CCDF59A7}.Debug|x86.ActiveCfg = Debug|Any CPU
		{B63532EA-8BB0-4264-8510-1C13CCDF59A7}.Debug|x86.Build.0 = Debug|Any CPU
		{B63532EA-8BB0-4264-8510-1C13CCDF59A7}.Debug|x86.Deploy.0 = Debug|Any CPU
		{B63532EA-8BB0-4264-8510-1C13CCDF59A7}.Release|Any CPU.ActiveCfg = Release|Any CPU
		{B63532EA-8BB0-4264-8510-1C13CCDF59A7}.Release|Any CPU.Build.0 = Release|Any CPU
		{B63532EA-8BB0-4264-8510-1C13CCDF59A7}.Release|Any CPU.Deploy.0 = Release|Any CPU
		{B63532EA-8BB0-4264-8510-1C13CCDF59A7}.Release|ARM.ActiveCfg = Release|Any CPU
		{B63532EA-8BB0-4264-8510-1C13CCDF59A7}.Release|ARM.Build.0 = Release|Any CPU
		{B63532EA-8BB0-4264-8510-1C13CCDF59A7}.Release|ARM.Deploy.0 = Release|Any CPU
		{B63532EA-8BB0-4264-8510-1C13CCDF59A7}.Release|iPhone.ActiveCfg = Release|Any CPU
		{B63532EA-8BB0-4264-8510-1C13CCDF59A7}.Release|iPhone.Build.0 = Release|Any CPU
		{B63532EA-8BB0-4264-8510-1C13CCDF59A7}.Release|iPhone.Deploy.0 = Release|Any CPU
		{B63532EA-8BB0-4264-8510-1C13CCDF59A7}.Release|iPhoneSimulator.ActiveCfg = Release|Any CPU
		{B63532EA-8BB0-4264-8510-1C13CCDF59A7}.Release|iPhoneSimulator.Build.0 = Release|Any CPU
		{B63532EA-8BB0-4264-8510-1C13CCDF59A7}.Release|iPhoneSimulator.Deploy.0 = Release|Any CPU
		{B63532EA-8BB0-4264-8510-1C13CCDF59A7}.Release|x64.ActiveCfg = Release|Any CPU
		{B63532EA-8BB0-4264-8510-1C13CCDF59A7}.Release|x64.Build.0 = Release|Any CPU
		{B63532EA-8BB0-4264-8510-1C13CCDF59A7}.Release|x64.Deploy.0 = Release|Any CPU
		{B63532EA-8BB0-4264-8510-1C13CCDF59A7}.Release|x86.ActiveCfg = Release|Any CPU
		{B63532EA-8BB0-4264-8510-1C13CCDF59A7}.Release|x86.Build.0 = Release|Any CPU
		{B63532EA-8BB0-4264-8510-1C13CCDF59A7}.Release|x86.Deploy.0 = Release|Any CPU
		{73AD928D-09C3-4368-9C94-5A40D3D2718A}.Ad-Hoc|Any CPU.ActiveCfg = Ad-Hoc|iPhone
		{73AD928D-09C3-4368-9C94-5A40D3D2718A}.Ad-Hoc|Any CPU.Build.0 = Ad-Hoc|iPhone
		{73AD928D-09C3-4368-9C94-5A40D3D2718A}.Ad-Hoc|Any CPU.Deploy.0 = Ad-Hoc|iPhone
		{73AD928D-09C3-4368-9C94-5A40D3D2718A}.Ad-Hoc|ARM.ActiveCfg = Ad-Hoc|iPhone
		{73AD928D-09C3-4368-9C94-5A40D3D2718A}.Ad-Hoc|ARM.Build.0 = Ad-Hoc|iPhone
		{73AD928D-09C3-4368-9C94-5A40D3D2718A}.Ad-Hoc|ARM.Deploy.0 = Ad-Hoc|iPhone
		{73AD928D-09C3-4368-9C94-5A40D3D2718A}.Ad-Hoc|iPhone.ActiveCfg = Ad-Hoc|iPhone
		{73AD928D-09C3-4368-9C94-5A40D3D2718A}.Ad-Hoc|iPhone.Build.0 = Ad-Hoc|iPhone
		{73AD928D-09C3-4368-9C94-5A40D3D2718A}.Ad-Hoc|iPhone.Deploy.0 = Ad-Hoc|iPhone
		{73AD928D-09C3-4368-9C94-5A40D3D2718A}.Ad-Hoc|iPhoneSimulator.ActiveCfg = Ad-Hoc|iPhoneSimulator
		{73AD928D-09C3-4368-9C94-5A40D3D2718A}.Ad-Hoc|iPhoneSimulator.Build.0 = Ad-Hoc|iPhoneSimulator
		{73AD928D-09C3-4368-9C94-5A40D3D2718A}.Ad-Hoc|iPhoneSimulator.Deploy.0 = Ad-Hoc|iPhoneSimulator
		{73AD928D-09C3-4368-9C94-5A40D3D2718A}.Ad-Hoc|x64.ActiveCfg = Ad-Hoc|iPhone
		{73AD928D-09C3-4368-9C94-5A40D3D2718A}.Ad-Hoc|x64.Build.0 = Ad-Hoc|iPhone
		{73AD928D-09C3-4368-9C94-5A40D3D2718A}.Ad-Hoc|x64.Deploy.0 = Ad-Hoc|iPhone
		{73AD928D-09C3-4368-9C94-5A40D3D2718A}.Ad-Hoc|x86.ActiveCfg = Ad-Hoc|iPhone
		{73AD928D-09C3-4368-9C94-5A40D3D2718A}.Ad-Hoc|x86.Build.0 = Ad-Hoc|iPhone
		{73AD928D-09C3-4368-9C94-5A40D3D2718A}.Ad-Hoc|x86.Deploy.0 = Ad-Hoc|iPhone
		{73AD928D-09C3-4368-9C94-5A40D3D2718A}.AppStore|Any CPU.ActiveCfg = AppStore|iPhone
		{73AD928D-09C3-4368-9C94-5A40D3D2718A}.AppStore|Any CPU.Build.0 = AppStore|iPhone
		{73AD928D-09C3-4368-9C94-5A40D3D2718A}.AppStore|Any CPU.Deploy.0 = AppStore|iPhone
		{73AD928D-09C3-4368-9C94-5A40D3D2718A}.AppStore|ARM.ActiveCfg = AppStore|iPhone
		{73AD928D-09C3-4368-9C94-5A40D3D2718A}.AppStore|ARM.Build.0 = AppStore|iPhone
		{73AD928D-09C3-4368-9C94-5A40D3D2718A}.AppStore|ARM.Deploy.0 = AppStore|iPhone
		{73AD928D-09C3-4368-9C94-5A40D3D2718A}.AppStore|iPhone.ActiveCfg = AppStore|iPhone
		{73AD928D-09C3-4368-9C94-5A40D3D2718A}.AppStore|iPhone.Build.0 = AppStore|iPhone
		{73AD928D-09C3-4368-9C94-5A40D3D2718A}.AppStore|iPhone.Deploy.0 = AppStore|iPhone
		{73AD928D-09C3-4368-9C94-5A40D3D2718A}.AppStore|iPhoneSimulator.ActiveCfg = AppStore|iPhoneSimulator
		{73AD928D-09C3-4368-9C94-5A40D3D2718A}.AppStore|iPhoneSimulator.Build.0 = AppStore|iPhoneSimulator
		{73AD928D-09C3-4368-9C94-5A40D3D2718A}.AppStore|iPhoneSimulator.Deploy.0 = AppStore|iPhoneSimulator
		{73AD928D-09C3-4368-9C94-5A40D3D2718A}.AppStore|x64.ActiveCfg = AppStore|iPhone
		{73AD928D-09C3-4368-9C94-5A40D3D2718A}.AppStore|x64.Build.0 = AppStore|iPhone
		{73AD928D-09C3-4368-9C94-5A40D3D2718A}.AppStore|x64.Deploy.0 = AppStore|iPhone
		{73AD928D-09C3-4368-9C94-5A40D3D2718A}.AppStore|x86.ActiveCfg = AppStore|iPhone
		{73AD928D-09C3-4368-9C94-5A40D3D2718A}.AppStore|x86.Build.0 = AppStore|iPhone
		{73AD928D-09C3-4368-9C94-5A40D3D2718A}.AppStore|x86.Deploy.0 = AppStore|iPhone
		{73AD928D-09C3-4368-9C94-5A40D3D2718A}.Debug|Any CPU.ActiveCfg = Debug|iPhoneSimulator
		{73AD928D-09C3-4368-9C94-5A40D3D2718A}.Debug|Any CPU.Build.0 = Debug|iPhoneSimulator
		{73AD928D-09C3-4368-9C94-5A40D3D2718A}.Debug|Any CPU.Deploy.0 = Debug|iPhoneSimulator
		{73AD928D-09C3-4368-9C94-5A40D3D2718A}.Debug|ARM.ActiveCfg = Debug|iPhone
		{73AD928D-09C3-4368-9C94-5A40D3D2718A}.Debug|ARM.Build.0 = Debug|iPhone
		{73AD928D-09C3-4368-9C94-5A40D3D2718A}.Debug|ARM.Deploy.0 = Debug|iPhone
		{73AD928D-09C3-4368-9C94-5A40D3D2718A}.Debug|iPhone.ActiveCfg = Debug|iPhone
		{73AD928D-09C3-4368-9C94-5A40D3D2718A}.Debug|iPhone.Build.0 = Debug|iPhone
		{73AD928D-09C3-4368-9C94-5A40D3D2718A}.Debug|iPhone.Deploy.0 = Debug|iPhone
		{73AD928D-09C3-4368-9C94-5A40D3D2718A}.Debug|iPhoneSimulator.ActiveCfg = Debug|iPhoneSimulator
		{73AD928D-09C3-4368-9C94-5A40D3D2718A}.Debug|iPhoneSimulator.Build.0 = Debug|iPhoneSimulator
		{73AD928D-09C3-4368-9C94-5A40D3D2718A}.Debug|iPhoneSimulator.Deploy.0 = Debug|iPhoneSimulator
		{73AD928D-09C3-4368-9C94-5A40D3D2718A}.Debug|x64.ActiveCfg = Debug|iPhone
		{73AD928D-09C3-4368-9C94-5A40D3D2718A}.Debug|x64.Build.0 = Debug|iPhone
		{73AD928D-09C3-4368-9C94-5A40D3D2718A}.Debug|x64.Deploy.0 = Debug|iPhone
		{73AD928D-09C3-4368-9C94-5A40D3D2718A}.Debug|x86.ActiveCfg = Debug|iPhone
		{73AD928D-09C3-4368-9C94-5A40D3D2718A}.Debug|x86.Build.0 = Debug|iPhone
		{73AD928D-09C3-4368-9C94-5A40D3D2718A}.Debug|x86.Deploy.0 = Debug|iPhone
		{73AD928D-09C3-4368-9C94-5A40D3D2718A}.Release|Any CPU.ActiveCfg = Release|iPhone
		{73AD928D-09C3-4368-9C94-5A40D3D2718A}.Release|Any CPU.Build.0 = Release|iPhone
		{73AD928D-09C3-4368-9C94-5A40D3D2718A}.Release|Any CPU.Deploy.0 = Release|iPhone
		{73AD928D-09C3-4368-9C94-5A40D3D2718A}.Release|ARM.ActiveCfg = Release|iPhone
		{73AD928D-09C3-4368-9C94-5A40D3D2718A}.Release|ARM.Build.0 = Release|iPhone
		{73AD928D-09C3-4368-9C94-5A40D3D2718A}.Release|ARM.Deploy.0 = Release|iPhone
		{73AD928D-09C3-4368-9C94-5A40D3D2718A}.Release|iPhone.ActiveCfg = Release|iPhone
		{73AD928D-09C3-4368-9C94-5A40D3D2718A}.Release|iPhone.Build.0 = Release|iPhone
		{73AD928D-09C3-4368-9C94-5A40D3D2718A}.Release|iPhone.Deploy.0 = Release|iPhone
		{73AD928D-09C3-4368-9C94-5A40D3D2718A}.Release|iPhoneSimulator.ActiveCfg = Release|iPhoneSimulator
		{73AD928D-09C3-4368-9C94-5A40D3D2718A}.Release|iPhoneSimulator.Build.0 = Release|iPhoneSimulator
		{73AD928D-09C3-4368-9C94-5A40D3D2718A}.Release|iPhoneSimulator.Deploy.0 = Release|iPhoneSimulator
		{73AD928D-09C3-4368-9C94-5A40D3D2718A}.Release|x64.ActiveCfg = Release|iPhone
		{73AD928D-09C3-4368-9C94-5A40D3D2718A}.Release|x64.Build.0 = Release|iPhone
		{73AD928D-09C3-4368-9C94-5A40D3D2718A}.Release|x64.Deploy.0 = Release|iPhone
		{73AD928D-09C3-4368-9C94-5A40D3D2718A}.Release|x86.ActiveCfg = Release|iPhone
		{73AD928D-09C3-4368-9C94-5A40D3D2718A}.Release|x86.Build.0 = Release|iPhone
		{73AD928D-09C3-4368-9C94-5A40D3D2718A}.Release|x86.Deploy.0 = Release|iPhone
		{8F1B0255-BDBF-4A15-9C15-B6B0F5561ABB}.Ad-Hoc|Any CPU.ActiveCfg = Release|x86
		{8F1B0255-BDBF-4A15-9C15-B6B0F5561ABB}.Ad-Hoc|Any CPU.Build.0 = Release|x86
		{8F1B0255-BDBF-4A15-9C15-B6B0F5561ABB}.Ad-Hoc|Any CPU.Deploy.0 = Release|x86
		{8F1B0255-BDBF-4A15-9C15-B6B0F5561ABB}.Ad-Hoc|ARM.ActiveCfg = Release|ARM
		{8F1B0255-BDBF-4A15-9C15-B6B0F5561ABB}.Ad-Hoc|ARM.Build.0 = Release|ARM
		{8F1B0255-BDBF-4A15-9C15-B6B0F5561ABB}.Ad-Hoc|ARM.Deploy.0 = Release|ARM
		{8F1B0255-BDBF-4A15-9C15-B6B0F5561ABB}.Ad-Hoc|iPhone.ActiveCfg = Release|x86
		{8F1B0255-BDBF-4A15-9C15-B6B0F5561ABB}.Ad-Hoc|iPhone.Build.0 = Release|x86
		{8F1B0255-BDBF-4A15-9C15-B6B0F5561ABB}.Ad-Hoc|iPhone.Deploy.0 = Release|x86
		{8F1B0255-BDBF-4A15-9C15-B6B0F5561ABB}.Ad-Hoc|iPhoneSimulator.ActiveCfg = Release|x86
		{8F1B0255-BDBF-4A15-9C15-B6B0F5561ABB}.Ad-Hoc|iPhoneSimulator.Build.0 = Release|x86
		{8F1B0255-BDBF-4A15-9C15-B6B0F5561ABB}.Ad-Hoc|iPhoneSimulator.Deploy.0 = Release|x86
		{8F1B0255-BDBF-4A15-9C15-B6B0F5561ABB}.Ad-Hoc|x64.ActiveCfg = Release|x64
		{8F1B0255-BDBF-4A15-9C15-B6B0F5561ABB}.Ad-Hoc|x64.Build.0 = Release|x64
		{8F1B0255-BDBF-4A15-9C15-B6B0F5561ABB}.Ad-Hoc|x64.Deploy.0 = Release|x64
		{8F1B0255-BDBF-4A15-9C15-B6B0F5561ABB}.Ad-Hoc|x86.ActiveCfg = Release|x86
		{8F1B0255-BDBF-4A15-9C15-B6B0F5561ABB}.Ad-Hoc|x86.Build.0 = Release|x86
		{8F1B0255-BDBF-4A15-9C15-B6B0F5561ABB}.Ad-Hoc|x86.Deploy.0 = Release|x86
		{8F1B0255-BDBF-4A15-9C15-B6B0F5561ABB}.AppStore|Any CPU.ActiveCfg = Release|x86
		{8F1B0255-BDBF-4A15-9C15-B6B0F5561ABB}.AppStore|Any CPU.Build.0 = Release|x86
		{8F1B0255-BDBF-4A15-9C15-B6B0F5561ABB}.AppStore|Any CPU.Deploy.0 = Release|x86
		{8F1B0255-BDBF-4A15-9C15-B6B0F5561ABB}.AppStore|ARM.ActiveCfg = Release|ARM
		{8F1B0255-BDBF-4A15-9C15-B6B0F5561ABB}.AppStore|ARM.Build.0 = Release|ARM
		{8F1B0255-BDBF-4A15-9C15-B6B0F5561ABB}.AppStore|ARM.Deploy.0 = Release|ARM
		{8F1B0255-BDBF-4A15-9C15-B6B0F5561ABB}.AppStore|iPhone.ActiveCfg = Release|x86
		{8F1B0255-BDBF-4A15-9C15-B6B0F5561ABB}.AppStore|iPhone.Build.0 = Release|x86
		{8F1B0255-BDBF-4A15-9C15-B6B0F5561ABB}.AppStore|iPhone.Deploy.0 = Release|x86
		{8F1B0255-BDBF-4A15-9C15-B6B0F5561ABB}.AppStore|iPhoneSimulator.ActiveCfg = Release|x86
		{8F1B0255-BDBF-4A15-9C15-B6B0F5561ABB}.AppStore|iPhoneSimulator.Build.0 = Release|x86
		{8F1B0255-BDBF-4A15-9C15-B6B0F5561ABB}.AppStore|iPhoneSimulator.Deploy.0 = Release|x86
		{8F1B0255-BDBF-4A15-9C15-B6B0F5561ABB}.AppStore|x64.ActiveCfg = Release|x64
		{8F1B0255-BDBF-4A15-9C15-B6B0F5561ABB}.AppStore|x64.Build.0 = Release|x64
		{8F1B0255-BDBF-4A15-9C15-B6B0F5561ABB}.AppStore|x64.Deploy.0 = Release|x64
		{8F1B0255-BDBF-4A15-9C15-B6B0F5561ABB}.AppStore|x86.ActiveCfg = Release|x86
		{8F1B0255-BDBF-4A15-9C15-B6B0F5561ABB}.AppStore|x86.Build.0 = Release|x86
		{8F1B0255-BDBF-4A15-9C15-B6B0F5561ABB}.AppStore|x86.Deploy.0 = Release|x86
		{8F1B0255-BDBF-4A15-9C15-B6B0F5561ABB}.Debug|Any CPU.ActiveCfg = Debug|x86
		{8F1B0255-BDBF-4A15-9C15-B6B0F5561ABB}.Debug|Any CPU.Build.0 = Debug|x86
		{8F1B0255-BDBF-4A15-9C15-B6B0F5561ABB}.Debug|Any CPU.Deploy.0 = Debug|x86
		{8F1B0255-BDBF-4A15-9C15-B6B0F5561ABB}.Debug|ARM.ActiveCfg = Debug|ARM
		{8F1B0255-BDBF-4A15-9C15-B6B0F5561ABB}.Debug|ARM.Build.0 = Debug|ARM
		{8F1B0255-BDBF-4A15-9C15-B6B0F5561ABB}.Debug|ARM.Deploy.0 = Debug|ARM
		{8F1B0255-BDBF-4A15-9C15-B6B0F5561ABB}.Debug|iPhone.ActiveCfg = Debug|x86
		{8F1B0255-BDBF-4A15-9C15-B6B0F5561ABB}.Debug|iPhone.Build.0 = Debug|x86
		{8F1B0255-BDBF-4A15-9C15-B6B0F5561ABB}.Debug|iPhone.Deploy.0 = Debug|x86
		{8F1B0255-BDBF-4A15-9C15-B6B0F5561ABB}.Debug|iPhoneSimulator.ActiveCfg = Debug|x86
		{8F1B0255-BDBF-4A15-9C15-B6B0F5561ABB}.Debug|iPhoneSimulator.Build.0 = Debug|x86
		{8F1B0255-BDBF-4A15-9C15-B6B0F5561ABB}.Debug|iPhoneSimulator.Deploy.0 = Debug|x86
		{8F1B0255-BDBF-4A15-9C15-B6B0F5561ABB}.Debug|x64.ActiveCfg = Debug|x64
		{8F1B0255-BDBF-4A15-9C15-B6B0F5561ABB}.Debug|x64.Build.0 = Debug|x64
		{8F1B0255-BDBF-4A15-9C15-B6B0F5561ABB}.Debug|x64.Deploy.0 = Debug|x64
		{8F1B0255-BDBF-4A15-9C15-B6B0F5561ABB}.Debug|x86.ActiveCfg = Debug|x86
		{8F1B0255-BDBF-4A15-9C15-B6B0F5561ABB}.Debug|x86.Build.0 = Debug|x86
		{8F1B0255-BDBF-4A15-9C15-B6B0F5561ABB}.Debug|x86.Deploy.0 = Debug|x86
		{8F1B0255-BDBF-4A15-9C15-B6B0F5561ABB}.Release|Any CPU.ActiveCfg = Release|x86
		{8F1B0255-BDBF-4A15-9C15-B6B0F5561ABB}.Release|Any CPU.Build.0 = Release|x86
		{8F1B0255-BDBF-4A15-9C15-B6B0F5561ABB}.Release|Any CPU.Deploy.0 = Release|x86
		{8F1B0255-BDBF-4A15-9C15-B6B0F5561ABB}.Release|ARM.ActiveCfg = Release|ARM
		{8F1B0255-BDBF-4A15-9C15-B6B0F5561ABB}.Release|ARM.Build.0 = Release|ARM
		{8F1B0255-BDBF-4A15-9C15-B6B0F5561ABB}.Release|ARM.Deploy.0 = Release|ARM
		{8F1B0255-BDBF-4A15-9C15-B6B0F5561ABB}.Release|iPhone.ActiveCfg = Release|x86
		{8F1B0255-BDBF-4A15-9C15-B6B0F5561ABB}.Release|iPhone.Build.0 = Release|x86
		{8F1B0255-BDBF-4A15-9C15-B6B0F5561ABB}.Release|iPhone.Deploy.0 = Release|x86
		{8F1B0255-BDBF-4A15-9C15-B6B0F5561ABB}.Release|iPhoneSimulator.ActiveCfg = Release|x86
		{8F1B0255-BDBF-4A15-9C15-B6B0F5561ABB}.Release|iPhoneSimulator.Build.0 = Release|x86
		{8F1B0255-BDBF-4A15-9C15-B6B0F5561ABB}.Release|iPhoneSimulator.Deploy.0 = Release|x86
		{8F1B0255-BDBF-4A15-9C15-B6B0F5561ABB}.Release|x64.ActiveCfg = Release|x64
		{8F1B0255-BDBF-4A15-9C15-B6B0F5561ABB}.Release|x64.Build.0 = Release|x64
		{8F1B0255-BDBF-4A15-9C15-B6B0F5561ABB}.Release|x64.Deploy.0 = Release|x64
		{8F1B0255-BDBF-4A15-9C15-B6B0F5561ABB}.Release|x86.ActiveCfg = Release|x86
		{8F1B0255-BDBF-4A15-9C15-B6B0F5561ABB}.Release|x86.Build.0 = Release|x86
		{8F1B0255-BDBF-4A15-9C15-B6B0F5561ABB}.Release|x86.Deploy.0 = Release|x86
		{9BE00C6B-F956-4BF3-AAD8-215C19E6A66F}.Ad-Hoc|Any CPU.ActiveCfg = Debug|Any CPU
		{9BE00C6B-F956-4BF3-AAD8-215C19E6A66F}.Ad-Hoc|Any CPU.Build.0 = Debug|Any CPU
		{9BE00C6B-F956-4BF3-AAD8-215C19E6A66F}.Ad-Hoc|Any CPU.Deploy.0 = Debug|Any CPU
		{9BE00C6B-F956-4BF3-AAD8-215C19E6A66F}.Ad-Hoc|ARM.ActiveCfg = Debug|Any CPU
		{9BE00C6B-F956-4BF3-AAD8-215C19E6A66F}.Ad-Hoc|ARM.Build.0 = Debug|Any CPU
		{9BE00C6B-F956-4BF3-AAD8-215C19E6A66F}.Ad-Hoc|ARM.Deploy.0 = Debug|Any CPU
		{9BE00C6B-F956-4BF3-AAD8-215C19E6A66F}.Ad-Hoc|iPhone.ActiveCfg = Debug|Any CPU
		{9BE00C6B-F956-4BF3-AAD8-215C19E6A66F}.Ad-Hoc|iPhone.Build.0 = Debug|Any CPU
		{9BE00C6B-F956-4BF3-AAD8-215C19E6A66F}.Ad-Hoc|iPhone.Deploy.0 = Debug|Any CPU
		{9BE00C6B-F956-4BF3-AAD8-215C19E6A66F}.Ad-Hoc|iPhoneSimulator.ActiveCfg = Debug|Any CPU
		{9BE00C6B-F956-4BF3-AAD8-215C19E6A66F}.Ad-Hoc|iPhoneSimulator.Build.0 = Debug|Any CPU
		{9BE00C6B-F956-4BF3-AAD8-215C19E6A66F}.Ad-Hoc|iPhoneSimulator.Deploy.0 = Debug|Any CPU
		{9BE00C6B-F956-4BF3-AAD8-215C19E6A66F}.Ad-Hoc|x64.ActiveCfg = Debug|Any CPU
		{9BE00C6B-F956-4BF3-AAD8-215C19E6A66F}.Ad-Hoc|x64.Build.0 = Debug|Any CPU
		{9BE00C6B-F956-4BF3-AAD8-215C19E6A66F}.Ad-Hoc|x64.Deploy.0 = Debug|Any CPU
		{9BE00C6B-F956-4BF3-AAD8-215C19E6A66F}.Ad-Hoc|x86.ActiveCfg = Debug|Any CPU
		{9BE00C6B-F956-4BF3-AAD8-215C19E6A66F}.Ad-Hoc|x86.Build.0 = Debug|Any CPU
		{9BE00C6B-F956-4BF3-AAD8-215C19E6A66F}.Ad-Hoc|x86.Deploy.0 = Debug|Any CPU
		{9BE00C6B-F956-4BF3-AAD8-215C19E6A66F}.AppStore|Any CPU.ActiveCfg = Debug|Any CPU
		{9BE00C6B-F956-4BF3-AAD8-215C19E6A66F}.AppStore|Any CPU.Build.0 = Debug|Any CPU
		{9BE00C6B-F956-4BF3-AAD8-215C19E6A66F}.AppStore|Any CPU.Deploy.0 = Debug|Any CPU
		{9BE00C6B-F956-4BF3-AAD8-215C19E6A66F}.AppStore|ARM.ActiveCfg = Debug|Any CPU
		{9BE00C6B-F956-4BF3-AAD8-215C19E6A66F}.AppStore|ARM.Build.0 = Debug|Any CPU
		{9BE00C6B-F956-4BF3-AAD8-215C19E6A66F}.AppStore|ARM.Deploy.0 = Debug|Any CPU
		{9BE00C6B-F956-4BF3-AAD8-215C19E6A66F}.AppStore|iPhone.ActiveCfg = Debug|Any CPU
		{9BE00C6B-F956-4BF3-AAD8-215C19E6A66F}.AppStore|iPhone.Build.0 = Debug|Any CPU
		{9BE00C6B-F956-4BF3-AAD8-215C19E6A66F}.AppStore|iPhone.Deploy.0 = Debug|Any CPU
		{9BE00C6B-F956-4BF3-AAD8-215C19E6A66F}.AppStore|iPhoneSimulator.ActiveCfg = Debug|Any CPU
		{9BE00C6B-F956-4BF3-AAD8-215C19E6A66F}.AppStore|iPhoneSimulator.Build.0 = Debug|Any CPU
		{9BE00C6B-F956-4BF3-AAD8-215C19E6A66F}.AppStore|iPhoneSimulator.Deploy.0 = Debug|Any CPU
		{9BE00C6B-F956-4BF3-AAD8-215C19E6A66F}.AppStore|x64.ActiveCfg = Debug|Any CPU
		{9BE00C6B-F956-4BF3-AAD8-215C19E6A66F}.AppStore|x64.Build.0 = Debug|Any CPU
		{9BE00C6B-F956-4BF3-AAD8-215C19E6A66F}.AppStore|x64.Deploy.0 = Debug|Any CPU
		{9BE00C6B-F956-4BF3-AAD8-215C19E6A66F}.AppStore|x86.ActiveCfg = Debug|Any CPU
		{9BE00C6B-F956-4BF3-AAD8-215C19E6A66F}.AppStore|x86.Build.0 = Debug|Any CPU
		{9BE00C6B-F956-4BF3-AAD8-215C19E6A66F}.AppStore|x86.Deploy.0 = Debug|Any CPU
		{9BE00C6B-F956-4BF3-AAD8-215C19E6A66F}.Debug|Any CPU.ActiveCfg = Debug|Any CPU
		{9BE00C6B-F956-4BF3-AAD8-215C19E6A66F}.Debug|Any CPU.Build.0 = Debug|Any CPU
		{9BE00C6B-F956-4BF3-AAD8-215C19E6A66F}.Debug|Any CPU.Deploy.0 = Debug|Any CPU
		{9BE00C6B-F956-4BF3-AAD8-215C19E6A66F}.Debug|ARM.ActiveCfg = Debug|Any CPU
		{9BE00C6B-F956-4BF3-AAD8-215C19E6A66F}.Debug|ARM.Build.0 = Debug|Any CPU
		{9BE00C6B-F956-4BF3-AAD8-215C19E6A66F}.Debug|ARM.Deploy.0 = Debug|Any CPU
		{9BE00C6B-F956-4BF3-AAD8-215C19E6A66F}.Debug|iPhone.ActiveCfg = Debug|Any CPU
		{9BE00C6B-F956-4BF3-AAD8-215C19E6A66F}.Debug|iPhone.Build.0 = Debug|Any CPU
		{9BE00C6B-F956-4BF3-AAD8-215C19E6A66F}.Debug|iPhone.Deploy.0 = Debug|Any CPU
		{9BE00C6B-F956-4BF3-AAD8-215C19E6A66F}.Debug|iPhoneSimulator.ActiveCfg = Debug|Any CPU
		{9BE00C6B-F956-4BF3-AAD8-215C19E6A66F}.Debug|iPhoneSimulator.Build.0 = Debug|Any CPU
		{9BE00C6B-F956-4BF3-AAD8-215C19E6A66F}.Debug|iPhoneSimulator.Deploy.0 = Debug|Any CPU
		{9BE00C6B-F956-4BF3-AAD8-215C19E6A66F}.Debug|x64.ActiveCfg = Debug|Any CPU
		{9BE00C6B-F956-4BF3-AAD8-215C19E6A66F}.Debug|x64.Build.0 = Debug|Any CPU
		{9BE00C6B-F956-4BF3-AAD8-215C19E6A66F}.Debug|x64.Deploy.0 = Debug|Any CPU
		{9BE00C6B-F956-4BF3-AAD8-215C19E6A66F}.Debug|x86.ActiveCfg = Debug|Any CPU
		{9BE00C6B-F956-4BF3-AAD8-215C19E6A66F}.Debug|x86.Build.0 = Debug|Any CPU
		{9BE00C6B-F956-4BF3-AAD8-215C19E6A66F}.Debug|x86.Deploy.0 = Debug|Any CPU
		{9BE00C6B-F956-4BF3-AAD8-215C19E6A66F}.Release|Any CPU.ActiveCfg = Release|Any CPU
		{9BE00C6B-F956-4BF3-AAD8-215C19E6A66F}.Release|Any CPU.Build.0 = Release|Any CPU
		{9BE00C6B-F956-4BF3-AAD8-215C19E6A66F}.Release|Any CPU.Deploy.0 = Release|Any CPU
		{9BE00C6B-F956-4BF3-AAD8-215C19E6A66F}.Release|ARM.ActiveCfg = Release|Any CPU
		{9BE00C6B-F956-4BF3-AAD8-215C19E6A66F}.Release|ARM.Build.0 = Release|Any CPU
		{9BE00C6B-F956-4BF3-AAD8-215C19E6A66F}.Release|ARM.Deploy.0 = Release|Any CPU
		{9BE00C6B-F956-4BF3-AAD8-215C19E6A66F}.Release|iPhone.ActiveCfg = Release|Any CPU
		{9BE00C6B-F956-4BF3-AAD8-215C19E6A66F}.Release|iPhone.Build.0 = Release|Any CPU
		{9BE00C6B-F956-4BF3-AAD8-215C19E6A66F}.Release|iPhone.Deploy.0 = Release|Any CPU
		{9BE00C6B-F956-4BF3-AAD8-215C19E6A66F}.Release|iPhoneSimulator.ActiveCfg = Release|Any CPU
		{9BE00C6B-F956-4BF3-AAD8-215C19E6A66F}.Release|iPhoneSimulator.Build.0 = Release|Any CPU
		{9BE00C6B-F956-4BF3-AAD8-215C19E6A66F}.Release|iPhoneSimulator.Deploy.0 = Release|Any CPU
		{9BE00C6B-F956-4BF3-AAD8-215C19E6A66F}.Release|x64.ActiveCfg = Release|Any CPU
		{9BE00C6B-F956-4BF3-AAD8-215C19E6A66F}.Release|x64.Build.0 = Release|Any CPU
		{9BE00C6B-F956-4BF3-AAD8-215C19E6A66F}.Release|x64.Deploy.0 = Release|Any CPU
		{9BE00C6B-F956-4BF3-AAD8-215C19E6A66F}.Release|x86.ActiveCfg = Release|Any CPU
		{9BE00C6B-F956-4BF3-AAD8-215C19E6A66F}.Release|x86.Build.0 = Release|Any CPU
		{9BE00C6B-F956-4BF3-AAD8-215C19E6A66F}.Release|x86.Deploy.0 = Release|Any CPU
	EndGlobalSection
	GlobalSection(SolutionProperties) = preSolution
		HideSolutionNode = FALSE
	EndGlobalSection
	GlobalSection(ExtensibilityGlobals) = postSolution
		SolutionGuid = {AA5EDEE8-4924-456F-A76D-9590296676DE}
	EndGlobalSection
EndGlobal
